
Microsoft Visual Studio Solution File, Format Version 12.00
# Visual Studio Version 16
VisualStudioVersion = 16.0.29509.3
MinimumVisualStudioVersion = 10.0.40219.1
Project("{FAE04EC0-301F-11D3-BF4B-00C04F79EFBC}") = "OmniMIDIDevEnum", "OmniMIDIDevEnum\OmniMIDIDevEnum.csproj", "{4B55B877-22AC-472A-9FB6-6F74BFAFDCFD}"
EndProject
Global
	GlobalSection(SolutionConfigurationPlatforms) = preSolution
		Release|x64 = Release|x64
		Release|x86 = Release|x86
	EndGlobalSection
	GlobalSection(ProjectConfigurationPlatforms) = postSolution
		{4B55B877-22AC-472A-9FB6-6F74BFAFDCFD}.Release|x64.ActiveCfg = Release|x64
		{4B55B877-22AC-472A-9FB6-6F74BFAFDCFD}.Release|x64.Build.0 = Release|x64
		{4B55B877-22AC-472A-9FB6-6F74BFAFDCFD}.Release|x86.ActiveCfg = Release|x64
		{4B55B877-22AC-472A-9FB6-6F74BFAFDCFD}.Release|x86.Build.0 = Release|x64
	EndGlobalSection
	GlobalSection(SolutionProperties) = preSolution
		HideSolutionNode = FALSE
	EndGlobalSection
	GlobalSection(ExtensibilityGlobals) = postSolution
		SolutionGuid = {FACF28EB-6582-4157-B4F5-8EB6E8F0FFAD}
	EndGlobalSection
EndGlobal
