
Microsoft Visual Studio Solution File, Format Version 12.00
# Visual Studio 15
VisualStudioVersion = 15.0.26430.4
MinimumVisualStudioVersion = 10.0.40219.1
Project("{FAE04EC0-301F-11D3-BF4B-00C04F79EFBC}") = "OmniMIDIConfigurator", "OmniMIDIConfigurator\OmniMIDIConfigurator.csproj", "{7BEA59AC-45B7-4CC8-A4C0-254C6297BEF8}"
EndProject
Global
	GlobalSection(SolutionConfigurationPlatforms) = preSolution
		Final|x86 = Final|x86
	EndGlobalSection
	GlobalSection(ProjectConfigurationPlatforms) = postSolution
		{7BEA59AC-45B7-4CC8-A4C0-254C6297BEF8}.Final|x86.ActiveCfg = Release|x86
		{7BEA59AC-45B7-4CC8-A4C0-254C6297BEF8}.Final|x86.Build.0 = Release|x86
	EndGlobalSection
	GlobalSection(SolutionProperties) = preSolution
		HideSolutionNode = FALSE
	EndGlobalSection
	GlobalSection(ExtensibilityGlobals) = postSolution
		SolutionGuid = {B28CCC80-D8ED-4311-B3FC-E83310B00BB6}
	EndGlobalSection
EndGlobal
