<?xml version="1.0" encoding="utf-8"?>
<Project ToolsVersion="4.0" xmlns="http://schemas.microsoft.com/developer/msbuild/2003">
  <ItemGroup>
    <ClInclude Include="..\external_packages\bass.h">
      <Filter>Headers</Filter>
    </ClInclude>
    <ClInclude Include="..\external_packages\bassenc.h">
      <Filter>Headers</Filter>
    </ClInclude>
    <ClInclude Include="..\external_packages\bassmidi.h">
      <Filter>Headers</Filter>
    </ClInclude>
    <ClInclude Include="..\external_packages\comdecl.h">
      <Filter>Headers</Filter>
    </ClInclude>
    <ClInclude Include="resource.h">
      <Filter>Headers</Filter>
    </ClInclude>
    <ClInclude Include="..\external_packages\bassasio.h">
      <Filter>Headers</Filter>
    </ClInclude>
    <ClInclude Include="..\external_packages\mmddk.h">
      <Filter>Headers</Filter>
    </ClInclude>
    <ClInclude Include="LwL.h">
      <Filter>Headers</Filter>
    </ClInclude>
    <ClInclude Include="OmniMIDI.h">
      <Filter>Runtime</Filter>
    </ClInclude>
    <ClInclude Include="BlacklistSystem.h">
      <Filter>Headers</Filter>
    </ClInclude>
    <ClInclude Include="BufferSystem.h">
      <Filter>Headers</Filter>
    </ClInclude>
    <ClInclude Include="Debug.h">
      <Filter>Headers</Filter>
    </ClInclude>
    <ClInclude Include="DriverInit.h">
      <Filter>Headers</Filter>
    </ClInclude>
    <ClInclude Include="KDMAPI.h">
      <Filter>Headers</Filter>
    </ClInclude>
    <ClInclude Include="Settings.h">
      <Filter>Headers</Filter>
    </ClInclude>
    <ClInclude Include="SoundFontLoader.h">
      <Filter>Headers</Filter>
    </ClInclude>
    <ClInclude Include="Values.h">
      <Filter>Headers</Filter>
    </ClInclude>
    <ClInclude Include="BASSErrors.h">
      <Filter>Headers</Filter>
    </ClInclude>
  </ItemGroup>
  <ItemGroup>
    <ResourceCompile Include="Resource.rc" />
  </ItemGroup>
  <ItemGroup>
    <Filter Include="Headers">
      <UniqueIdentifier>{c0bf8251-d876-4009-bc25-8a5fe38bea4a}</UniqueIdentifier>
    </Filter>
    <Filter Include="Runtime">
      <UniqueIdentifier>{bc795566-3e5e-4b04-868e-bd68977dd818}</UniqueIdentifier>
    </Filter>
  </ItemGroup>
  <ItemGroup>
    <Image Include="ksicon.ico" />
  </ItemGroup>
  <ItemGroup>
    <ClCompile Include="OmniMIDI.cpp">
      <Filter>Runtime</Filter>
    </ClCompile>
  </ItemGroup>
  <ItemGroup>
    <None Include="OmniMIDI.def">
      <Filter>Runtime</Filter>
    </None>
  </ItemGroup>
</Project>