
Microsoft Visual Studio Solution File, Format Version 12.00
# Visual Studio 2013
VisualStudioVersion = 12.0.40629.0
MinimumVisualStudioVersion = 10.0.40219.1
Project("{FAE04EC0-301F-11D3-BF4B-00C04F79EFBC}") = "KSDriverRegister", "KSDriverRegister\KSDriverRegister.csproj", "{6F8FA14F-BDEC-412F-A6C4-5AEFFC25FB88}"
EndProject
Global
	GlobalSection(SolutionConfigurationPlatforms) = preSolution
		Release|x86 = Release|x86
	EndGlobalSection
	GlobalSection(ProjectConfigurationPlatforms) = postSolution
		{6F8FA14F-BDEC-412F-A6C4-5AEFFC25FB88}.Release|x86.ActiveCfg = Release|x86
		{6F8FA14F-BDEC-412F-A6C4-5AEFFC25FB88}.Release|x86.Build.0 = Release|x86
	EndGlobalSection
	GlobalSection(SolutionProperties) = preSolution
		HideSolutionNode = FALSE
	EndGlobalSection
EndGlobal
